
Microsoft Visual Studio Solution File, Format Version 12.00
# Visual Studio 14
VisualStudioVersion = 14.0.25420.1
MinimumVisualStudioVersion = 10.0.40219.1
Project("{FAE04EC0-301F-11D3-BF4B-00C04F79EFBC}") = "HolylandParser", "HolylandParser\HolylandParser.csproj", "{1D1813F7-ED5F-4C95-ABBB-6DAE446A699B}"
EndProject
Project("{FAE04EC0-301F-11D3-BF4B-00C04F79EFBC}") = "HolyLogger", "HolyLogger\HolyLogger.csproj", "{944C4B28-6479-4A51-A6A2-BEC8FDE2748C}"
EndProject
Project("{54435603-DBB4-11D2-8724-00A0C9A8B90C}") = "HolyLoggerInstaller", "HolyLoggerInstaller\HolyLoggerInstaller.vdproj", "{D96B7110-39B1-427D-A441-9630DE1BFB9C}"
EndProject
Global
	GlobalSection(SolutionConfigurationPlatforms) = preSolution
		CD_ROM|Any CPU = CD_ROM|Any CPU
		CD_ROM|x64 = CD_ROM|x64
		Debug|Any CPU = Debug|Any CPU
		Debug|x64 = Debug|x64
		DVD-5|Any CPU = DVD-5|Any CPU
		DVD-5|x64 = DVD-5|x64
		Release|Any CPU = Release|Any CPU
		Release|x64 = Release|x64
		SingleImage|Any CPU = SingleImage|Any CPU
		SingleImage|x64 = SingleImage|x64
	EndGlobalSection
	GlobalSection(ProjectConfigurationPlatforms) = postSolution
		{1D1813F7-ED5F-4C95-ABBB-6DAE446A699B}.CD_ROM|Any CPU.ActiveCfg = Release|Any CPU
		{1D1813F7-ED5F-4C95-ABBB-6DAE446A699B}.CD_ROM|Any CPU.Build.0 = Release|Any CPU
		{1D1813F7-ED5F-4C95-ABBB-6DAE446A699B}.CD_ROM|x64.ActiveCfg = Debug|Any CPU
		{1D1813F7-ED5F-4C95-ABBB-6DAE446A699B}.CD_ROM|x64.Build.0 = Debug|Any CPU
		{1D1813F7-ED5F-4C95-ABBB-6DAE446A699B}.Debug|Any CPU.ActiveCfg = Debug|Any CPU
		{1D1813F7-ED5F-4C95-ABBB-6DAE446A699B}.Debug|Any CPU.Build.0 = Debug|Any CPU
		{1D1813F7-ED5F-4C95-ABBB-6DAE446A699B}.Debug|x64.ActiveCfg = Debug|Any CPU
		{1D1813F7-ED5F-4C95-ABBB-6DAE446A699B}.Debug|x64.Build.0 = Debug|Any CPU
		{1D1813F7-ED5F-4C95-ABBB-6DAE446A699B}.DVD-5|Any CPU.ActiveCfg = Debug|Any CPU
		{1D1813F7-ED5F-4C95-ABBB-6DAE446A699B}.DVD-5|Any CPU.Build.0 = Debug|Any CPU
		{1D1813F7-ED5F-4C95-ABBB-6DAE446A699B}.DVD-5|x64.ActiveCfg = Debug|Any CPU
		{1D1813F7-ED5F-4C95-ABBB-6DAE446A699B}.DVD-5|x64.Build.0 = Debug|Any CPU
		{1D1813F7-ED5F-4C95-ABBB-6DAE446A699B}.Release|Any CPU.ActiveCfg = Release|Any CPU
		{1D1813F7-ED5F-4C95-ABBB-6DAE446A699B}.Release|Any CPU.Build.0 = Release|Any CPU
		{1D1813F7-ED5F-4C95-ABBB-6DAE446A699B}.Release|x64.ActiveCfg = Release|Any CPU
		{1D1813F7-ED5F-4C95-ABBB-6DAE446A699B}.Release|x64.Build.0 = Release|Any CPU
		{1D1813F7-ED5F-4C95-ABBB-6DAE446A699B}.SingleImage|Any CPU.ActiveCfg = Release|Any CPU
		{1D1813F7-ED5F-4C95-ABBB-6DAE446A699B}.SingleImage|Any CPU.Build.0 = Release|Any CPU
		{1D1813F7-ED5F-4C95-ABBB-6DAE446A699B}.SingleImage|x64.ActiveCfg = Debug|Any CPU
		{1D1813F7-ED5F-4C95-ABBB-6DAE446A699B}.SingleImage|x64.Build.0 = Debug|Any CPU
		{944C4B28-6479-4A51-A6A2-BEC8FDE2748C}.CD_ROM|Any CPU.ActiveCfg = Release|Any CPU
		{944C4B28-6479-4A51-A6A2-BEC8FDE2748C}.CD_ROM|Any CPU.Build.0 = Release|Any CPU
		{944C4B28-6479-4A51-A6A2-BEC8FDE2748C}.CD_ROM|x64.ActiveCfg = Release|x64
		{944C4B28-6479-4A51-A6A2-BEC8FDE2748C}.CD_ROM|x64.Build.0 = Release|x64
		{944C4B28-6479-4A51-A6A2-BEC8FDE2748C}.Debug|Any CPU.ActiveCfg = Debug|Any CPU
		{944C4B28-6479-4A51-A6A2-BEC8FDE2748C}.Debug|Any CPU.Build.0 = Debug|Any CPU
		{944C4B28-6479-4A51-A6A2-BEC8FDE2748C}.Debug|x64.ActiveCfg = Debug|x64
		{944C4B28-6479-4A51-A6A2-BEC8FDE2748C}.Debug|x64.Build.0 = Debug|x64
		{944C4B28-6479-4A51-A6A2-BEC8FDE2748C}.DVD-5|Any CPU.ActiveCfg = Debug|Any CPU
		{944C4B28-6479-4A51-A6A2-BEC8FDE2748C}.DVD-5|Any CPU.Build.0 = Debug|Any CPU
		{944C4B28-6479-4A51-A6A2-BEC8FDE2748C}.DVD-5|x64.ActiveCfg = Debug|x64
		{944C4B28-6479-4A51-A6A2-BEC8FDE2748C}.DVD-5|x64.Build.0 = Debug|x64
		{944C4B28-6479-4A51-A6A2-BEC8FDE2748C}.Release|Any CPU.ActiveCfg = Release|Any CPU
		{944C4B28-6479-4A51-A6A2-BEC8FDE2748C}.Release|Any CPU.Build.0 = Release|Any CPU
		{944C4B28-6479-4A51-A6A2-BEC8FDE2748C}.Release|x64.ActiveCfg = Release|x64
		{944C4B28-6479-4A51-A6A2-BEC8FDE2748C}.Release|x64.Build.0 = Release|x64
		{944C4B28-6479-4A51-A6A2-BEC8FDE2748C}.SingleImage|Any CPU.ActiveCfg = Release|Any CPU
		{944C4B28-6479-4A51-A6A2-BEC8FDE2748C}.SingleImage|Any CPU.Build.0 = Release|Any CPU
		{944C4B28-6479-4A51-A6A2-BEC8FDE2748C}.SingleImage|x64.ActiveCfg = Release|x64
		{944C4B28-6479-4A51-A6A2-BEC8FDE2748C}.SingleImage|x64.Build.0 = Release|x64
		{D96B7110-39B1-427D-A441-9630DE1BFB9C}.CD_ROM|Any CPU.ActiveCfg = Release
		{D96B7110-39B1-427D-A441-9630DE1BFB9C}.CD_ROM|x64.ActiveCfg = Release
		{D96B7110-39B1-427D-A441-9630DE1BFB9C}.Debug|Any CPU.ActiveCfg = Debug
		{D96B7110-39B1-427D-A441-9630DE1BFB9C}.Debug|x64.ActiveCfg = Debug
		{D96B7110-39B1-427D-A441-9630DE1BFB9C}.DVD-5|Any CPU.ActiveCfg = Debug
		{D96B7110-39B1-427D-A441-9630DE1BFB9C}.DVD-5|x64.ActiveCfg = Debug
		{D96B7110-39B1-427D-A441-9630DE1BFB9C}.Release|Any CPU.ActiveCfg = Release
		{D96B7110-39B1-427D-A441-9630DE1BFB9C}.Release|x64.ActiveCfg = Release
		{D96B7110-39B1-427D-A441-9630DE1BFB9C}.SingleImage|Any CPU.ActiveCfg = Release
		{D96B7110-39B1-427D-A441-9630DE1BFB9C}.SingleImage|x64.ActiveCfg = Release
	EndGlobalSection
	GlobalSection(SolutionProperties) = preSolution
		HideSolutionNode = FALSE
	EndGlobalSection
EndGlobal
