
Microsoft Visual Studio Solution File, Format Version 12.00
# Visual Studio 14
VisualStudioVersion = 14.0.25420.1
MinimumVisualStudioVersion = 10.0.40219.1
Project("{FAE04EC0-301F-11D3-BF4B-00C04F79EFBC}") = "HolyLogger", "HolyLogger\HolyLogger.csproj", "{944C4B28-6479-4A51-A6A2-BEC8FDE2748C}"
EndProject
Project("{54435603-DBB4-11D2-8724-00A0C9A8B90C}") = "HolyLogger_x86", "HolyLogger_x86\HolyLogger_x86.vdproj", "{C51A757D-4EC1-45E1-97B0-262940E5878E}"
EndProject
Project("{54435603-DBB4-11D2-8724-00A0C9A8B90C}") = "HolyLogger_x64", "HolyLogger_x64\HolyLogger_x64.vdproj", "{C89BE0BE-907A-4D84-8001-01F0A91890F6}"
EndProject
Project("{FAE04EC0-301F-11D3-BF4B-00C04F79EFBC}") = "HolyParser", "HolyParser\HolyParser.csproj", "{1D2E4675-0C74-41EB-919D-64BE00874A10}"
EndProject
Project("{FAE04EC0-301F-11D3-BF4B-00C04F79EFBC}") = "DXCCManager", "DXCCManager\DXCCManager.csproj", "{FA52ACEA-C4D5-473F-9B79-39BC5AEA1390}"
EndProject
Project("{FAE04EC0-301F-11D3-BF4B-00C04F79EFBC}") = "HolyContestManager", "HolyContestManager\HolyContestManager.csproj", "{F1AA7604-BD5F-4763-8F5D-314A5A52A535}"
EndProject
Global
	GlobalSection(SolutionConfigurationPlatforms) = preSolution
		CD_ROM|Any CPU = CD_ROM|Any CPU
		CD_ROM|x64 = CD_ROM|x64
		CD_ROM|x86 = CD_ROM|x86
		Debug|Any CPU = Debug|Any CPU
		Debug|x64 = Debug|x64
		Debug|x86 = Debug|x86
		DVD-5|Any CPU = DVD-5|Any CPU
		DVD-5|x64 = DVD-5|x64
		DVD-5|x86 = DVD-5|x86
		Release|Any CPU = Release|Any CPU
		Release|x64 = Release|x64
		Release|x86 = Release|x86
		SingleImage|Any CPU = SingleImage|Any CPU
		SingleImage|x64 = SingleImage|x64
		SingleImage|x86 = SingleImage|x86
	EndGlobalSection
	GlobalSection(ProjectConfigurationPlatforms) = postSolution
		{944C4B28-6479-4A51-A6A2-BEC8FDE2748C}.CD_ROM|Any CPU.ActiveCfg = Debug|x86
		{944C4B28-6479-4A51-A6A2-BEC8FDE2748C}.CD_ROM|Any CPU.Build.0 = Debug|x86
		{944C4B28-6479-4A51-A6A2-BEC8FDE2748C}.CD_ROM|x64.ActiveCfg = Release|x64
		{944C4B28-6479-4A51-A6A2-BEC8FDE2748C}.CD_ROM|x64.Build.0 = Release|x64
		{944C4B28-6479-4A51-A6A2-BEC8FDE2748C}.CD_ROM|x86.ActiveCfg = Release|x86
		{944C4B28-6479-4A51-A6A2-BEC8FDE2748C}.CD_ROM|x86.Build.0 = Release|x86
		{944C4B28-6479-4A51-A6A2-BEC8FDE2748C}.Debug|Any CPU.ActiveCfg = Debug|x86
		{944C4B28-6479-4A51-A6A2-BEC8FDE2748C}.Debug|x64.ActiveCfg = Debug|x64
		{944C4B28-6479-4A51-A6A2-BEC8FDE2748C}.Debug|x64.Build.0 = Debug|x64
		{944C4B28-6479-4A51-A6A2-BEC8FDE2748C}.Debug|x86.ActiveCfg = Debug|x86
		{944C4B28-6479-4A51-A6A2-BEC8FDE2748C}.Debug|x86.Build.0 = Debug|x86
		{944C4B28-6479-4A51-A6A2-BEC8FDE2748C}.DVD-5|Any CPU.ActiveCfg = Debug|x86
		{944C4B28-6479-4A51-A6A2-BEC8FDE2748C}.DVD-5|Any CPU.Build.0 = Debug|x86
		{944C4B28-6479-4A51-A6A2-BEC8FDE2748C}.DVD-5|x64.ActiveCfg = Debug|x64
		{944C4B28-6479-4A51-A6A2-BEC8FDE2748C}.DVD-5|x64.Build.0 = Debug|x64
		{944C4B28-6479-4A51-A6A2-BEC8FDE2748C}.DVD-5|x86.ActiveCfg = Debug|x86
		{944C4B28-6479-4A51-A6A2-BEC8FDE2748C}.DVD-5|x86.Build.0 = Debug|x86
		{944C4B28-6479-4A51-A6A2-BEC8FDE2748C}.Release|Any CPU.ActiveCfg = Release|x86
		{944C4B28-6479-4A51-A6A2-BEC8FDE2748C}.Release|x64.ActiveCfg = Release|x64
		{944C4B28-6479-4A51-A6A2-BEC8FDE2748C}.Release|x64.Build.0 = Release|x64
		{944C4B28-6479-4A51-A6A2-BEC8FDE2748C}.Release|x86.ActiveCfg = Release|x86
		{944C4B28-6479-4A51-A6A2-BEC8FDE2748C}.Release|x86.Build.0 = Release|x86
		{944C4B28-6479-4A51-A6A2-BEC8FDE2748C}.SingleImage|Any CPU.ActiveCfg = Debug|x86
		{944C4B28-6479-4A51-A6A2-BEC8FDE2748C}.SingleImage|Any CPU.Build.0 = Debug|x86
		{944C4B28-6479-4A51-A6A2-BEC8FDE2748C}.SingleImage|x64.ActiveCfg = Release|x64
		{944C4B28-6479-4A51-A6A2-BEC8FDE2748C}.SingleImage|x64.Build.0 = Release|x64
		{944C4B28-6479-4A51-A6A2-BEC8FDE2748C}.SingleImage|x86.ActiveCfg = Release|x86
		{944C4B28-6479-4A51-A6A2-BEC8FDE2748C}.SingleImage|x86.Build.0 = Release|x86
		{C51A757D-4EC1-45E1-97B0-262940E5878E}.CD_ROM|Any CPU.ActiveCfg = Release
		{C51A757D-4EC1-45E1-97B0-262940E5878E}.CD_ROM|Any CPU.Build.0 = Release
		{C51A757D-4EC1-45E1-97B0-262940E5878E}.CD_ROM|x64.ActiveCfg = Debug
		{C51A757D-4EC1-45E1-97B0-262940E5878E}.CD_ROM|x64.Build.0 = Debug
		{C51A757D-4EC1-45E1-97B0-262940E5878E}.CD_ROM|x86.ActiveCfg = Release
		{C51A757D-4EC1-45E1-97B0-262940E5878E}.Debug|Any CPU.ActiveCfg = Debug
		{C51A757D-4EC1-45E1-97B0-262940E5878E}.Debug|Any CPU.Build.0 = Debug
		{C51A757D-4EC1-45E1-97B0-262940E5878E}.Debug|x64.ActiveCfg = Debug
		{C51A757D-4EC1-45E1-97B0-262940E5878E}.Debug|x86.ActiveCfg = Debug
		{C51A757D-4EC1-45E1-97B0-262940E5878E}.Debug|x86.Build.0 = Debug
		{C51A757D-4EC1-45E1-97B0-262940E5878E}.DVD-5|Any CPU.ActiveCfg = Debug
		{C51A757D-4EC1-45E1-97B0-262940E5878E}.DVD-5|Any CPU.Build.0 = Debug
		{C51A757D-4EC1-45E1-97B0-262940E5878E}.DVD-5|x64.ActiveCfg = Debug
		{C51A757D-4EC1-45E1-97B0-262940E5878E}.DVD-5|x64.Build.0 = Debug
		{C51A757D-4EC1-45E1-97B0-262940E5878E}.DVD-5|x86.ActiveCfg = Debug
		{C51A757D-4EC1-45E1-97B0-262940E5878E}.Release|Any CPU.ActiveCfg = Release
		{C51A757D-4EC1-45E1-97B0-262940E5878E}.Release|Any CPU.Build.0 = Release
		{C51A757D-4EC1-45E1-97B0-262940E5878E}.Release|x64.ActiveCfg = Release
		{C51A757D-4EC1-45E1-97B0-262940E5878E}.Release|x86.ActiveCfg = Release
		{C51A757D-4EC1-45E1-97B0-262940E5878E}.SingleImage|Any CPU.ActiveCfg = Release
		{C51A757D-4EC1-45E1-97B0-262940E5878E}.SingleImage|Any CPU.Build.0 = Release
		{C51A757D-4EC1-45E1-97B0-262940E5878E}.SingleImage|x64.ActiveCfg = Debug
		{C51A757D-4EC1-45E1-97B0-262940E5878E}.SingleImage|x64.Build.0 = Debug
		{C51A757D-4EC1-45E1-97B0-262940E5878E}.SingleImage|x86.ActiveCfg = Release
		{C89BE0BE-907A-4D84-8001-01F0A91890F6}.CD_ROM|Any CPU.ActiveCfg = Debug
		{C89BE0BE-907A-4D84-8001-01F0A91890F6}.CD_ROM|Any CPU.Build.0 = Debug
		{C89BE0BE-907A-4D84-8001-01F0A91890F6}.CD_ROM|x64.ActiveCfg = Release
		{C89BE0BE-907A-4D84-8001-01F0A91890F6}.CD_ROM|x64.Build.0 = Release
		{C89BE0BE-907A-4D84-8001-01F0A91890F6}.CD_ROM|x86.ActiveCfg = Release
		{C89BE0BE-907A-4D84-8001-01F0A91890F6}.Debug|Any CPU.ActiveCfg = Debug
		{C89BE0BE-907A-4D84-8001-01F0A91890F6}.Debug|Any CPU.Build.0 = Debug
		{C89BE0BE-907A-4D84-8001-01F0A91890F6}.Debug|x64.ActiveCfg = Debug
		{C89BE0BE-907A-4D84-8001-01F0A91890F6}.Debug|x64.Build.0 = Debug
		{C89BE0BE-907A-4D84-8001-01F0A91890F6}.Debug|x86.ActiveCfg = Debug
		{C89BE0BE-907A-4D84-8001-01F0A91890F6}.DVD-5|Any CPU.ActiveCfg = Debug
		{C89BE0BE-907A-4D84-8001-01F0A91890F6}.DVD-5|Any CPU.Build.0 = Debug
		{C89BE0BE-907A-4D84-8001-01F0A91890F6}.DVD-5|x64.ActiveCfg = Debug
		{C89BE0BE-907A-4D84-8001-01F0A91890F6}.DVD-5|x64.Build.0 = Debug
		{C89BE0BE-907A-4D84-8001-01F0A91890F6}.DVD-5|x86.ActiveCfg = Debug
		{C89BE0BE-907A-4D84-8001-01F0A91890F6}.Release|Any CPU.ActiveCfg = Release
		{C89BE0BE-907A-4D84-8001-01F0A91890F6}.Release|Any CPU.Build.0 = Release
		{C89BE0BE-907A-4D84-8001-01F0A91890F6}.Release|x64.ActiveCfg = Release
		{C89BE0BE-907A-4D84-8001-01F0A91890F6}.Release|x86.ActiveCfg = Release
		{C89BE0BE-907A-4D84-8001-01F0A91890F6}.SingleImage|Any CPU.ActiveCfg = Debug
		{C89BE0BE-907A-4D84-8001-01F0A91890F6}.SingleImage|Any CPU.Build.0 = Debug
		{C89BE0BE-907A-4D84-8001-01F0A91890F6}.SingleImage|x64.ActiveCfg = Release
		{C89BE0BE-907A-4D84-8001-01F0A91890F6}.SingleImage|x64.Build.0 = Release
		{C89BE0BE-907A-4D84-8001-01F0A91890F6}.SingleImage|x86.ActiveCfg = Release
		{1D2E4675-0C74-41EB-919D-64BE00874A10}.CD_ROM|Any CPU.ActiveCfg = Release|Any CPU
		{1D2E4675-0C74-41EB-919D-64BE00874A10}.CD_ROM|Any CPU.Build.0 = Release|Any CPU
		{1D2E4675-0C74-41EB-919D-64BE00874A10}.CD_ROM|x64.ActiveCfg = Release|Any CPU
		{1D2E4675-0C74-41EB-919D-64BE00874A10}.CD_ROM|x64.Build.0 = Release|Any CPU
		{1D2E4675-0C74-41EB-919D-64BE00874A10}.CD_ROM|x86.ActiveCfg = Release|Any CPU
		{1D2E4675-0C74-41EB-919D-64BE00874A10}.CD_ROM|x86.Build.0 = Release|Any CPU
		{1D2E4675-0C74-41EB-919D-64BE00874A10}.Debug|Any CPU.ActiveCfg = Debug|Any CPU
		{1D2E4675-0C74-41EB-919D-64BE00874A10}.Debug|Any CPU.Build.0 = Debug|Any CPU
		{1D2E4675-0C74-41EB-919D-64BE00874A10}.Debug|x64.ActiveCfg = Debug|Any CPU
		{1D2E4675-0C74-41EB-919D-64BE00874A10}.Debug|x64.Build.0 = Debug|Any CPU
		{1D2E4675-0C74-41EB-919D-64BE00874A10}.Debug|x86.ActiveCfg = Debug|Any CPU
		{1D2E4675-0C74-41EB-919D-64BE00874A10}.Debug|x86.Build.0 = Debug|Any CPU
		{1D2E4675-0C74-41EB-919D-64BE00874A10}.DVD-5|Any CPU.ActiveCfg = Debug|Any CPU
		{1D2E4675-0C74-41EB-919D-64BE00874A10}.DVD-5|Any CPU.Build.0 = Debug|Any CPU
		{1D2E4675-0C74-41EB-919D-64BE00874A10}.DVD-5|x64.ActiveCfg = Debug|Any CPU
		{1D2E4675-0C74-41EB-919D-64BE00874A10}.DVD-5|x64.Build.0 = Debug|Any CPU
		{1D2E4675-0C74-41EB-919D-64BE00874A10}.DVD-5|x86.ActiveCfg = Debug|Any CPU
		{1D2E4675-0C74-41EB-919D-64BE00874A10}.DVD-5|x86.Build.0 = Debug|Any CPU
		{1D2E4675-0C74-41EB-919D-64BE00874A10}.Release|Any CPU.ActiveCfg = Release|Any CPU
		{1D2E4675-0C74-41EB-919D-64BE00874A10}.Release|Any CPU.Build.0 = Release|Any CPU
		{1D2E4675-0C74-41EB-919D-64BE00874A10}.Release|x64.ActiveCfg = Release|Any CPU
		{1D2E4675-0C74-41EB-919D-64BE00874A10}.Release|x64.Build.0 = Release|Any CPU
		{1D2E4675-0C74-41EB-919D-64BE00874A10}.Release|x86.ActiveCfg = Release|Any CPU
		{1D2E4675-0C74-41EB-919D-64BE00874A10}.Release|x86.Build.0 = Release|Any CPU
		{1D2E4675-0C74-41EB-919D-64BE00874A10}.SingleImage|Any CPU.ActiveCfg = Release|Any CPU
		{1D2E4675-0C74-41EB-919D-64BE00874A10}.SingleImage|Any CPU.Build.0 = Release|Any CPU
		{1D2E4675-0C74-41EB-919D-64BE00874A10}.SingleImage|x64.ActiveCfg = Release|Any CPU
		{1D2E4675-0C74-41EB-919D-64BE00874A10}.SingleImage|x64.Build.0 = Release|Any CPU
		{1D2E4675-0C74-41EB-919D-64BE00874A10}.SingleImage|x86.ActiveCfg = Release|Any CPU
		{1D2E4675-0C74-41EB-919D-64BE00874A10}.SingleImage|x86.Build.0 = Release|Any CPU
		{FA52ACEA-C4D5-473F-9B79-39BC5AEA1390}.CD_ROM|Any CPU.ActiveCfg = Release|Any CPU
		{FA52ACEA-C4D5-473F-9B79-39BC5AEA1390}.CD_ROM|Any CPU.Build.0 = Release|Any CPU
		{FA52ACEA-C4D5-473F-9B79-39BC5AEA1390}.CD_ROM|x64.ActiveCfg = Release|Any CPU
		{FA52ACEA-C4D5-473F-9B79-39BC5AEA1390}.CD_ROM|x64.Build.0 = Release|Any CPU
		{FA52ACEA-C4D5-473F-9B79-39BC5AEA1390}.CD_ROM|x86.ActiveCfg = Release|Any CPU
		{FA52ACEA-C4D5-473F-9B79-39BC5AEA1390}.CD_ROM|x86.Build.0 = Release|Any CPU
		{FA52ACEA-C4D5-473F-9B79-39BC5AEA1390}.Debug|Any CPU.ActiveCfg = Debug|Any CPU
		{FA52ACEA-C4D5-473F-9B79-39BC5AEA1390}.Debug|Any CPU.Build.0 = Debug|Any CPU
		{FA52ACEA-C4D5-473F-9B79-39BC5AEA1390}.Debug|x64.ActiveCfg = Debug|Any CPU
		{FA52ACEA-C4D5-473F-9B79-39BC5AEA1390}.Debug|x64.Build.0 = Debug|Any CPU
		{FA52ACEA-C4D5-473F-9B79-39BC5AEA1390}.Debug|x86.ActiveCfg = Debug|Any CPU
		{FA52ACEA-C4D5-473F-9B79-39BC5AEA1390}.Debug|x86.Build.0 = Debug|Any CPU
		{FA52ACEA-C4D5-473F-9B79-39BC5AEA1390}.DVD-5|Any CPU.ActiveCfg = Debug|Any CPU
		{FA52ACEA-C4D5-473F-9B79-39BC5AEA1390}.DVD-5|Any CPU.Build.0 = Debug|Any CPU
		{FA52ACEA-C4D5-473F-9B79-39BC5AEA1390}.DVD-5|x64.ActiveCfg = Debug|Any CPU
		{FA52ACEA-C4D5-473F-9B79-39BC5AEA1390}.DVD-5|x64.Build.0 = Debug|Any CPU
		{FA52ACEA-C4D5-473F-9B79-39BC5AEA1390}.DVD-5|x86.ActiveCfg = Debug|Any CPU
		{FA52ACEA-C4D5-473F-9B79-39BC5AEA1390}.DVD-5|x86.Build.0 = Debug|Any CPU
		{FA52ACEA-C4D5-473F-9B79-39BC5AEA1390}.Release|Any CPU.ActiveCfg = Release|Any CPU
		{FA52ACEA-C4D5-473F-9B79-39BC5AEA1390}.Release|Any CPU.Build.0 = Release|Any CPU
		{FA52ACEA-C4D5-473F-9B79-39BC5AEA1390}.Release|x64.ActiveCfg = Release|Any CPU
		{FA52ACEA-C4D5-473F-9B79-39BC5AEA1390}.Release|x64.Build.0 = Release|Any CPU
		{FA52ACEA-C4D5-473F-9B79-39BC5AEA1390}.Release|x86.ActiveCfg = Release|Any CPU
		{FA52ACEA-C4D5-473F-9B79-39BC5AEA1390}.Release|x86.Build.0 = Release|Any CPU
		{FA52ACEA-C4D5-473F-9B79-39BC5AEA1390}.SingleImage|Any CPU.ActiveCfg = Release|Any CPU
		{FA52ACEA-C4D5-473F-9B79-39BC5AEA1390}.SingleImage|Any CPU.Build.0 = Release|Any CPU
		{FA52ACEA-C4D5-473F-9B79-39BC5AEA1390}.SingleImage|x64.ActiveCfg = Release|Any CPU
		{FA52ACEA-C4D5-473F-9B79-39BC5AEA1390}.SingleImage|x64.Build.0 = Release|Any CPU
		{FA52ACEA-C4D5-473F-9B79-39BC5AEA1390}.SingleImage|x86.ActiveCfg = Release|Any CPU
		{FA52ACEA-C4D5-473F-9B79-39BC5AEA1390}.SingleImage|x86.Build.0 = Release|Any CPU
		{F1AA7604-BD5F-4763-8F5D-314A5A52A535}.CD_ROM|Any CPU.ActiveCfg = Release|Any CPU
		{F1AA7604-BD5F-4763-8F5D-314A5A52A535}.CD_ROM|Any CPU.Build.0 = Release|Any CPU
		{F1AA7604-BD5F-4763-8F5D-314A5A52A535}.CD_ROM|x64.ActiveCfg = Release|Any CPU
		{F1AA7604-BD5F-4763-8F5D-314A5A52A535}.CD_ROM|x64.Build.0 = Release|Any CPU
		{F1AA7604-BD5F-4763-8F5D-314A5A52A535}.CD_ROM|x86.ActiveCfg = Release|Any CPU
		{F1AA7604-BD5F-4763-8F5D-314A5A52A535}.CD_ROM|x86.Build.0 = Release|Any CPU
		{F1AA7604-BD5F-4763-8F5D-314A5A52A535}.Debug|Any CPU.ActiveCfg = Debug|Any CPU
		{F1AA7604-BD5F-4763-8F5D-314A5A52A535}.Debug|Any CPU.Build.0 = Debug|Any CPU
		{F1AA7604-BD5F-4763-8F5D-314A5A52A535}.Debug|x64.ActiveCfg = Debug|Any CPU
		{F1AA7604-BD5F-4763-8F5D-314A5A52A535}.Debug|x64.Build.0 = Debug|Any CPU
		{F1AA7604-BD5F-4763-8F5D-314A5A52A535}.Debug|x86.ActiveCfg = Debug|Any CPU
		{F1AA7604-BD5F-4763-8F5D-314A5A52A535}.Debug|x86.Build.0 = Debug|Any CPU
		{F1AA7604-BD5F-4763-8F5D-314A5A52A535}.DVD-5|Any CPU.ActiveCfg = Debug|Any CPU
		{F1AA7604-BD5F-4763-8F5D-314A5A52A535}.DVD-5|Any CPU.Build.0 = Debug|Any CPU
		{F1AA7604-BD5F-4763-8F5D-314A5A52A535}.DVD-5|x64.ActiveCfg = Debug|Any CPU
		{F1AA7604-BD5F-4763-8F5D-314A5A52A535}.DVD-5|x64.Build.0 = Debug|Any CPU
		{F1AA7604-BD5F-4763-8F5D-314A5A52A535}.DVD-5|x86.ActiveCfg = Debug|Any CPU
		{F1AA7604-BD5F-4763-8F5D-314A5A52A535}.DVD-5|x86.Build.0 = Debug|Any CPU
		{F1AA7604-BD5F-4763-8F5D-314A5A52A535}.Release|Any CPU.ActiveCfg = Release|Any CPU
		{F1AA7604-BD5F-4763-8F5D-314A5A52A535}.Release|Any CPU.Build.0 = Release|Any CPU
		{F1AA7604-BD5F-4763-8F5D-314A5A52A535}.Release|x64.ActiveCfg = Release|Any CPU
		{F1AA7604-BD5F-4763-8F5D-314A5A52A535}.Release|x64.Build.0 = Release|Any CPU
		{F1AA7604-BD5F-4763-8F5D-314A5A52A535}.Release|x86.ActiveCfg = Release|Any CPU
		{F1AA7604-BD5F-4763-8F5D-314A5A52A535}.Release|x86.Build.0 = Release|Any CPU
		{F1AA7604-BD5F-4763-8F5D-314A5A52A535}.SingleImage|Any CPU.ActiveCfg = Release|Any CPU
		{F1AA7604-BD5F-4763-8F5D-314A5A52A535}.SingleImage|Any CPU.Build.0 = Release|Any CPU
		{F1AA7604-BD5F-4763-8F5D-314A5A52A535}.SingleImage|x64.ActiveCfg = Release|Any CPU
		{F1AA7604-BD5F-4763-8F5D-314A5A52A535}.SingleImage|x64.Build.0 = Release|Any CPU
		{F1AA7604-BD5F-4763-8F5D-314A5A52A535}.SingleImage|x86.ActiveCfg = Release|Any CPU
		{F1AA7604-BD5F-4763-8F5D-314A5A52A535}.SingleImage|x86.Build.0 = Release|Any CPU
	EndGlobalSection
	GlobalSection(SolutionProperties) = preSolution
		HideSolutionNode = FALSE
	EndGlobalSection
EndGlobal
