
Microsoft Visual Studio Solution File, Format Version 12.00
# Visual Studio 2013
VisualStudioVersion = 12.0.31101.0
MinimumVisualStudioVersion = 10.0.40219.1
Project("{FAE04EC0-301F-11D3-BF4B-00C04F79EFBC}") = "Holylog", "Holylog\Holylog.csproj", "{07621F99-4841-4078-8528-412490F8C4ED}"
EndProject
Project("{FAE04EC0-301F-11D3-BF4B-00C04F79EFBC}") = "HolylandParser", "HolylandParser\HolylandParser.csproj", "{1D1813F7-ED5F-4C95-ABBB-6DAE446A699B}"
EndProject
Project("{6141683F-8A12-4E36-9623-2EB02B2C2303}") = "HolyGatorInstallshield", "HolyGatorInstallshield\HolyGatorInstallshield.isproj", "{EF00D301-B098-45C8-B8F3-47F6CDE69625}"
EndProject
Project("{54435603-DBB4-11D2-8724-00A0C9A8B90C}") = "HolyGatorInstaller", "HolyGatorInstaller\HolyGatorInstaller.vdproj", "{158B0E00-6824-4AD1-9DBA-7E9E83492E45}"
EndProject
Project("{FAE04EC0-301F-11D3-BF4B-00C04F79EFBC}") = "LIPO", "LIPO\LIPO.csproj", "{AA1DF5F5-14B2-4314-A449-26208EBE4EAE}"
EndProject
Global
	GlobalSection(SolutionConfigurationPlatforms) = preSolution
		CD_ROM|Any CPU = CD_ROM|Any CPU
		Debug|Any CPU = Debug|Any CPU
		DVD-5|Any CPU = DVD-5|Any CPU
		Release|Any CPU = Release|Any CPU
		SingleImage|Any CPU = SingleImage|Any CPU
	EndGlobalSection
	GlobalSection(ProjectConfigurationPlatforms) = postSolution
		{07621F99-4841-4078-8528-412490F8C4ED}.CD_ROM|Any CPU.ActiveCfg = Release|Any CPU
		{07621F99-4841-4078-8528-412490F8C4ED}.CD_ROM|Any CPU.Build.0 = Release|Any CPU
		{07621F99-4841-4078-8528-412490F8C4ED}.Debug|Any CPU.ActiveCfg = Debug|Any CPU
		{07621F99-4841-4078-8528-412490F8C4ED}.Debug|Any CPU.Build.0 = Debug|Any CPU
		{07621F99-4841-4078-8528-412490F8C4ED}.DVD-5|Any CPU.ActiveCfg = Debug|Any CPU
		{07621F99-4841-4078-8528-412490F8C4ED}.DVD-5|Any CPU.Build.0 = Debug|Any CPU
		{07621F99-4841-4078-8528-412490F8C4ED}.Release|Any CPU.ActiveCfg = Release|Any CPU
		{07621F99-4841-4078-8528-412490F8C4ED}.Release|Any CPU.Build.0 = Release|Any CPU
		{07621F99-4841-4078-8528-412490F8C4ED}.SingleImage|Any CPU.ActiveCfg = Release|Any CPU
		{07621F99-4841-4078-8528-412490F8C4ED}.SingleImage|Any CPU.Build.0 = Release|Any CPU
		{1D1813F7-ED5F-4C95-ABBB-6DAE446A699B}.CD_ROM|Any CPU.ActiveCfg = Release|Any CPU
		{1D1813F7-ED5F-4C95-ABBB-6DAE446A699B}.CD_ROM|Any CPU.Build.0 = Release|Any CPU
		{1D1813F7-ED5F-4C95-ABBB-6DAE446A699B}.Debug|Any CPU.ActiveCfg = Debug|Any CPU
		{1D1813F7-ED5F-4C95-ABBB-6DAE446A699B}.Debug|Any CPU.Build.0 = Debug|Any CPU
		{1D1813F7-ED5F-4C95-ABBB-6DAE446A699B}.DVD-5|Any CPU.ActiveCfg = Debug|Any CPU
		{1D1813F7-ED5F-4C95-ABBB-6DAE446A699B}.DVD-5|Any CPU.Build.0 = Debug|Any CPU
		{1D1813F7-ED5F-4C95-ABBB-6DAE446A699B}.Release|Any CPU.ActiveCfg = Release|Any CPU
		{1D1813F7-ED5F-4C95-ABBB-6DAE446A699B}.Release|Any CPU.Build.0 = Release|Any CPU
		{1D1813F7-ED5F-4C95-ABBB-6DAE446A699B}.SingleImage|Any CPU.ActiveCfg = Release|Any CPU
		{1D1813F7-ED5F-4C95-ABBB-6DAE446A699B}.SingleImage|Any CPU.Build.0 = Release|Any CPU
		{EF00D301-B098-45C8-B8F3-47F6CDE69625}.CD_ROM|Any CPU.ActiveCfg = CD_ROM
		{EF00D301-B098-45C8-B8F3-47F6CDE69625}.CD_ROM|Any CPU.Build.0 = CD_ROM
		{EF00D301-B098-45C8-B8F3-47F6CDE69625}.Debug|Any CPU.ActiveCfg = DVD-5
		{EF00D301-B098-45C8-B8F3-47F6CDE69625}.Debug|Any CPU.Build.0 = DVD-5
		{EF00D301-B098-45C8-B8F3-47F6CDE69625}.DVD-5|Any CPU.ActiveCfg = DVD-5
		{EF00D301-B098-45C8-B8F3-47F6CDE69625}.DVD-5|Any CPU.Build.0 = DVD-5
		{EF00D301-B098-45C8-B8F3-47F6CDE69625}.Release|Any CPU.ActiveCfg = SingleImage
		{EF00D301-B098-45C8-B8F3-47F6CDE69625}.Release|Any CPU.Build.0 = SingleImage
		{EF00D301-B098-45C8-B8F3-47F6CDE69625}.SingleImage|Any CPU.ActiveCfg = SingleImage
		{EF00D301-B098-45C8-B8F3-47F6CDE69625}.SingleImage|Any CPU.Build.0 = SingleImage
		{158B0E00-6824-4AD1-9DBA-7E9E83492E45}.CD_ROM|Any CPU.ActiveCfg = Release
		{158B0E00-6824-4AD1-9DBA-7E9E83492E45}.CD_ROM|Any CPU.Build.0 = Release
		{158B0E00-6824-4AD1-9DBA-7E9E83492E45}.Debug|Any CPU.ActiveCfg = Debug
		{158B0E00-6824-4AD1-9DBA-7E9E83492E45}.Debug|Any CPU.Build.0 = Debug
		{158B0E00-6824-4AD1-9DBA-7E9E83492E45}.DVD-5|Any CPU.ActiveCfg = Debug
		{158B0E00-6824-4AD1-9DBA-7E9E83492E45}.DVD-5|Any CPU.Build.0 = Debug
		{158B0E00-6824-4AD1-9DBA-7E9E83492E45}.Release|Any CPU.ActiveCfg = Release
		{158B0E00-6824-4AD1-9DBA-7E9E83492E45}.Release|Any CPU.Build.0 = Release
		{158B0E00-6824-4AD1-9DBA-7E9E83492E45}.SingleImage|Any CPU.ActiveCfg = Release
		{158B0E00-6824-4AD1-9DBA-7E9E83492E45}.SingleImage|Any CPU.Build.0 = Release
		{AA1DF5F5-14B2-4314-A449-26208EBE4EAE}.CD_ROM|Any CPU.ActiveCfg = Release|Any CPU
		{AA1DF5F5-14B2-4314-A449-26208EBE4EAE}.CD_ROM|Any CPU.Build.0 = Release|Any CPU
		{AA1DF5F5-14B2-4314-A449-26208EBE4EAE}.Debug|Any CPU.ActiveCfg = Debug|Any CPU
		{AA1DF5F5-14B2-4314-A449-26208EBE4EAE}.Debug|Any CPU.Build.0 = Debug|Any CPU
		{AA1DF5F5-14B2-4314-A449-26208EBE4EAE}.DVD-5|Any CPU.ActiveCfg = Debug|Any CPU
		{AA1DF5F5-14B2-4314-A449-26208EBE4EAE}.DVD-5|Any CPU.Build.0 = Debug|Any CPU
		{AA1DF5F5-14B2-4314-A449-26208EBE4EAE}.Release|Any CPU.ActiveCfg = Release|Any CPU
		{AA1DF5F5-14B2-4314-A449-26208EBE4EAE}.Release|Any CPU.Build.0 = Release|Any CPU
		{AA1DF5F5-14B2-4314-A449-26208EBE4EAE}.SingleImage|Any CPU.ActiveCfg = Release|Any CPU
		{AA1DF5F5-14B2-4314-A449-26208EBE4EAE}.SingleImage|Any CPU.Build.0 = Release|Any CPU
	EndGlobalSection
	GlobalSection(SolutionProperties) = preSolution
		HideSolutionNode = FALSE
	EndGlobalSection
EndGlobal
